<?xml version="1.0" encoding="utf-8"?>
<Project ToolsVersion="4.0" xmlns="http://schemas.microsoft.com/developer/msbuild/2003">
  <ItemGroup>
    <Filter Include="소스 파일">
      <UniqueIdentifier>{4FC737F1-C7A5-4376-A066-2A32D752A2FF}</UniqueIdentifier>
      <Extensions>cpp;c;cc;cxx;def;odl;idl;hpj;bat;asm;asmx</Extensions>
    </Filter>
    <Filter Include="헤더 파일">
      <UniqueIdentifier>{93995380-89BD-4b04-88EB-625FBE52EBFB}</UniqueIdentifier>
      <Extensions>h;hh;hpp;hxx;hm;inl;inc;ipp;xsd</Extensions>
    </Filter>
    <Filter Include="리소스 파일">
      <UniqueIdentifier>{67DA6AB6-F800-4c08-8B7A-83BB121AAD01}</UniqueIdentifier>
      <Extensions>rc;ico;cur;bmp;dlg;rc2;rct;bin;rgs;gif;jpg;jpeg;jpe;resx;tiff;tif;png;wav;mfcribbon-ms</Extensions>
    </Filter>
    <Filter Include="소스 파일\Skills">
      <UniqueIdentifier>{73db1c4b-4a09-4a6e-9038-081330940a4c}</UniqueIdentifier>
    </Filter>
    <Filter Include="헤더 파일\Skills">
      <UniqueIdentifier>{06b9dd7a-3142-4857-bf73-a4317c400265}</UniqueIdentifier>
    </Filter>
    <Filter Include="헤더 파일\Items">
      <UniqueIdentifier>{e1eccccb-d998-4100-830f-cf594cc2dfa1}</UniqueIdentifier>
    </Filter>
    <Filter Include="소스 파일\Items">
      <UniqueIdentifier>{2c7c57ef-835a-4011-aa4a-aa07add47ea3}</UniqueIdentifier>
    </Filter>
  </ItemGroup>
  <ItemGroup>
    <ClCompile Include="Client.cpp">
      <Filter>소스 파일</Filter>
    </ClCompile>
    <ClCompile Include="Player.cpp">
      <Filter>소스 파일</Filter>
    </ClCompile>
    <ClCompile Include="Sound.cpp">
      <Filter>소스 파일</Filter>
    </ClCompile>
    <ClCompile Include="Skills\Shoot.cpp">
      <Filter>소스 파일\Skills</Filter>
    </ClCompile>
    <ClCompile Include="Skills\Skill.cpp">
      <Filter>소스 파일\Skills</Filter>
    </ClCompile>
    <ClCompile Include="Skills\Slash.cpp">
      <Filter>소스 파일\Skills</Filter>
    </ClCompile>
    <ClCompile Include="Skills\ZweihanderSlash.cpp">
      <Filter>소스 파일\Skills</Filter>
    </ClCompile>
    <ClCompile Include="Skills\LightsaberSlash.cpp">
      <Filter>소스 파일\Skills</Filter>
    </ClCompile>
    <ClCompile Include="Skills\WindSlash.cpp">
      <Filter>소스 파일\Skills</Filter>
    </ClCompile>
    <ClCompile Include="Skills\Wind.cpp">
      <Filter>소스 파일\Skills</Filter>
    </ClCompile>
    <ClCompile Include="Items\Item.cpp">
      <Filter>소스 파일\Items</Filter>
    </ClCompile>
    <ClCompile Include="Items\Heart.cpp">
      <Filter>소스 파일\Items</Filter>
    </ClCompile>
    <ClCompile Include="Items\Energy.cpp">
      <Filter>소스 파일\Items</Filter>
    </ClCompile>
    <ClCompile Include="..\Shared\Items\item_balance.cpp">
      <Filter>소스 파일\Items</Filter>
    </ClCompile>
    <ClCompile Include="..\Shared\Skills\skill_balance.cpp">
      <Filter>소스 파일\Skills</Filter>
    </ClCompile>
    <ClCompile Include="EnergyBar.cpp">
      <Filter>소스 파일</Filter>
    </ClCompile>
    <ClCompile Include="Graphic.cpp">
      <Filter>소스 파일</Filter>
    </ClCompile>
    <ClCompile Include="UpgradeOptionList.cpp">
      <Filter>소스 파일</Filter>
    </ClCompile>
    <ClCompile Include="Skills\Snipe.cpp">
      <Filter>소스 파일\Skills</Filter>
    </ClCompile>
    <ClCompile Include="Skills\LightningStrike.cpp">
      <Filter>소스 파일\Skills</Filter>
    </ClCompile>
    <ClCompile Include="Skills\ActiveSkill.cpp">
      <Filter>소스 파일\Skills</Filter>
    </ClCompile>
    <ClCompile Include="Skills\PassiveSkill.cpp">
      <Filter>소스 파일\Skills</Filter>
    </ClCompile>
    <ClCompile Include="Menu.hpp">
      <Filter>소스 파일</Filter>
    </ClCompile>
    <ClCompile Include="Skills\WindStep.cpp">
      <Filter>소스 파일\Skills</Filter>
    </ClCompile>
    <ClCompile Include="Skills\CelestialArrowStep.cpp">
      <Filter>소스 파일\Skills</Filter>
    </ClCompile>
    <ClCompile Include="Skills\HermesStep.cpp">
      <Filter>소스 파일\Skills</Filter>
    </ClCompile>
    <ClCompile Include="Skills\WindShield.cpp">
      <Filter>소스 파일\Skills</Filter>
    </ClCompile>
  </ItemGroup>
  <ItemGroup>
    <ClInclude Include="..\Shared\interface.h">
      <Filter>헤더 파일</Filter>
    </ClInclude>
    <ClInclude Include="..\Shared\protocol.h">
      <Filter>헤더 파일</Filter>
    </ClInclude>
    <ClInclude Include="Player.h">
      <Filter>헤더 파일</Filter>
    </ClInclude>
    <ClInclude Include="Sound.h">
      <Filter>헤더 파일</Filter>
    </ClInclude>
    <ClInclude Include="Menu.h">
      <Filter>헤더 파일</Filter>
    </ClInclude>
    <ClInclude Include="Skills\LightsaberSlash.h">
      <Filter>헤더 파일\Skills</Filter>
    </ClInclude>
    <ClInclude Include="Skills\Shoot.h">
      <Filter>헤더 파일\Skills</Filter>
    </ClInclude>
    <ClInclude Include="Skills\Skill.h">
      <Filter>헤더 파일\Skills</Filter>
    </ClInclude>
    <ClInclude Include="Skills\Slash.h">
      <Filter>헤더 파일\Skills</Filter>
    </ClInclude>
    <ClInclude Include="Skills\Wind.h">
      <Filter>헤더 파일\Skills</Filter>
    </ClInclude>
    <ClInclude Include="Skills\WindSlash.h">
      <Filter>헤더 파일\Skills</Filter>
    </ClInclude>
    <ClInclude Include="Skills\ZweihanderSlash.h">
      <Filter>헤더 파일\Skills</Filter>
    </ClInclude>
    <ClInclude Include="Items\Item.h">
      <Filter>헤더 파일\Items</Filter>
    </ClInclude>
    <ClInclude Include="Items\Heart.h">
      <Filter>헤더 파일\Items</Filter>
    </ClInclude>
    <ClInclude Include="Items\Energy.h">
      <Filter>헤더 파일\Items</Filter>
    </ClInclude>
    <ClInclude Include="EnergyBar.h">
      <Filter>헤더 파일</Filter>
    </ClInclude>
    <ClInclude Include="Graphic.h">
      <Filter>헤더 파일</Filter>
    </ClInclude>
    <ClInclude Include="UpgradeOptionList.h">
      <Filter>헤더 파일</Filter>
    </ClInclude>
    <ClInclude Include="Skills\Snipe.h">
      <Filter>헤더 파일\Skills</Filter>
    </ClInclude>
    <ClInclude Include="Skills\LightningStrike.h">
      <Filter>헤더 파일\Skills</Filter>
    </ClInclude>
    <ClInclude Include="Skills\ActiveSkill.h">
      <Filter>헤더 파일\Skills</Filter>
    </ClInclude>
    <ClInclude Include="Skills\PassiveSkill.h">
      <Filter>헤더 파일\Skills</Filter>
    </ClInclude>
    <ClInclude Include="Skills\WindStep.h">
      <Filter>헤더 파일\Skills</Filter>
    </ClInclude>
    <ClInclude Include="Skills\CelestialArrowStep.h">
      <Filter>헤더 파일\Skills</Filter>
    </ClInclude>
    <ClInclude Include="Skills\HermesStep.h">
      <Filter>헤더 파일\Skills</Filter>
    </ClInclude>
    <ClInclude Include="Skills\WindShield.h">
      <Filter>헤더 파일\Skills</Filter>
    </ClInclude>
  </ItemGroup>
</Project>