<?xml version="1.0" encoding="utf-8"?>
<Project ToolsVersion="4.0" xmlns="http://schemas.microsoft.com/developer/msbuild/2003">
  <ItemGroup>
    <Filter Include="소스 파일">
      <UniqueIdentifier>{4FC737F1-C7A5-4376-A066-2A32D752A2FF}</UniqueIdentifier>
      <Extensions>cpp;c;cc;cxx;def;odl;idl;hpj;bat;asm;asmx</Extensions>
    </Filter>
    <Filter Include="헤더 파일">
      <UniqueIdentifier>{93995380-89BD-4b04-88EB-625FBE52EBFB}</UniqueIdentifier>
      <Extensions>h;hh;hpp;hxx;hm;inl;inc;ipp;xsd</Extensions>
    </Filter>
    <Filter Include="리소스 파일">
      <UniqueIdentifier>{67DA6AB6-F800-4c08-8B7A-83BB121AAD01}</UniqueIdentifier>
      <Extensions>rc;ico;cur;bmp;dlg;rc2;rct;bin;rgs;gif;jpg;jpeg;jpe;resx;tiff;tif;png;wav;mfcribbon-ms</Extensions>
    </Filter>
    <Filter Include="소스 파일\Skills">
      <UniqueIdentifier>{87f6a52d-9acb-4083-a9de-152b86c60cf9}</UniqueIdentifier>
    </Filter>
    <Filter Include="헤더 파일\Skills">
      <UniqueIdentifier>{437ca472-8377-493d-80d2-6e8098fbebee}</UniqueIdentifier>
    </Filter>
    <Filter Include="헤더 파일\Items">
      <UniqueIdentifier>{5e7908e6-f7a3-41de-9c93-0821fcc82b3d}</UniqueIdentifier>
    </Filter>
    <Filter Include="소스 파일\Items">
      <UniqueIdentifier>{38edb78b-356f-43e6-9a76-9605ae5316c3}</UniqueIdentifier>
    </Filter>
    <Filter Include="소스 파일\Values">
      <UniqueIdentifier>{2d913904-1407-4789-9d2d-dd6027da0326}</UniqueIdentifier>
    </Filter>
    <Filter Include="헤더 파일\Values">
      <UniqueIdentifier>{8532385b-994a-4957-b658-f262735dc144}</UniqueIdentifier>
    </Filter>
  </ItemGroup>
  <ItemGroup>
    <ClCompile Include="Server.cpp">
      <Filter>소스 파일</Filter>
    </ClCompile>
    <ClCompile Include="Background.cpp">
      <Filter>소스 파일</Filter>
    </ClCompile>
    <ClCompile Include="Skills\Shoot.cpp">
      <Filter>소스 파일\Skills</Filter>
    </ClCompile>
    <ClCompile Include="Skills\Skill.cpp">
      <Filter>소스 파일\Skills</Filter>
    </ClCompile>
    <ClCompile Include="Skills\Slash.cpp">
      <Filter>소스 파일\Skills</Filter>
    </ClCompile>
    <ClCompile Include="Skills\ZweihanderSlash.cpp">
      <Filter>소스 파일\Skills</Filter>
    </ClCompile>
    <ClCompile Include="Skills\LightsaberSlash.cpp">
      <Filter>소스 파일\Skills</Filter>
    </ClCompile>
    <ClCompile Include="Skills\WindSlash.cpp">
      <Filter>소스 파일\Skills</Filter>
    </ClCompile>
    <ClCompile Include="Skills\Wind.cpp">
      <Filter>소스 파일\Skills</Filter>
    </ClCompile>
    <ClCompile Include="Items\Item.cpp">
      <Filter>소스 파일\Items</Filter>
    </ClCompile>
    <ClCompile Include="Items\Energy.cpp">
      <Filter>소스 파일\Items</Filter>
    </ClCompile>
    <ClCompile Include="Items\Heart.cpp">
      <Filter>소스 파일\Items</Filter>
    </ClCompile>
    <ClCompile Include="Skills\Snipe.cpp">
      <Filter>소스 파일\Skills</Filter>
    </ClCompile>
    <ClCompile Include="Skills\LightningStrike.cpp">
      <Filter>소스 파일\Skills</Filter>
    </ClCompile>
    <ClCompile Include="Skills\ActiveSkill.cpp">
      <Filter>소스 파일\Skills</Filter>
    </ClCompile>
    <ClCompile Include="Skills\PassiveSkill.cpp">
      <Filter>소스 파일\Skills</Filter>
    </ClCompile>
    <ClCompile Include="Skills\WindStep.cpp">
      <Filter>소스 파일\Skills</Filter>
    </ClCompile>
    <ClCompile Include="Skills\CelestialArrowStep.cpp">
      <Filter>소스 파일\Skills</Filter>
    </ClCompile>
    <ClCompile Include="Skills\HermesStep.cpp">
      <Filter>소스 파일\Skills</Filter>
    </ClCompile>
    <ClCompile Include="Skills\WindShield.cpp">
      <Filter>소스 파일\Skills</Filter>
    </ClCompile>
    <ClCompile Include="Player.cpp">
      <Filter>소스 파일</Filter>
    </ClCompile>
    <ClCompile Include="..\Shared\Values\item_values.cpp">
      <Filter>소스 파일\Values</Filter>
    </ClCompile>
    <ClCompile Include="..\Shared\Values\skill_values.cpp">
      <Filter>소스 파일\Values</Filter>
    </ClCompile>
  </ItemGroup>
  <ItemGroup>
    <ClInclude Include="..\Shared\protocol.h">
      <Filter>헤더 파일</Filter>
    </ClInclude>
    <ClInclude Include="Background.h">
      <Filter>헤더 파일</Filter>
    </ClInclude>
    <ClInclude Include="Skills\LightsaberSlash.h">
      <Filter>헤더 파일\Skills</Filter>
    </ClInclude>
    <ClInclude Include="Skills\Shoot.h">
      <Filter>헤더 파일\Skills</Filter>
    </ClInclude>
    <ClInclude Include="Skills\Skill.h">
      <Filter>헤더 파일\Skills</Filter>
    </ClInclude>
    <ClInclude Include="Skills\Slash.h">
      <Filter>헤더 파일\Skills</Filter>
    </ClInclude>
    <ClInclude Include="Skills\Wind.h">
      <Filter>헤더 파일\Skills</Filter>
    </ClInclude>
    <ClInclude Include="Skills\WindSlash.h">
      <Filter>헤더 파일\Skills</Filter>
    </ClInclude>
    <ClInclude Include="Skills\ZweihanderSlash.h">
      <Filter>헤더 파일\Skills</Filter>
    </ClInclude>
    <ClInclude Include="Items\Item.h">
      <Filter>헤더 파일\Items</Filter>
    </ClInclude>
    <ClInclude Include="Items\Energy.h">
      <Filter>헤더 파일\Items</Filter>
    </ClInclude>
    <ClInclude Include="Items\Heart.h">
      <Filter>헤더 파일\Items</Filter>
    </ClInclude>
    <ClInclude Include="Skills\Snipe.h">
      <Filter>헤더 파일\Skills</Filter>
    </ClInclude>
    <ClInclude Include="Skills\LightningStrike.h">
      <Filter>헤더 파일\Skills</Filter>
    </ClInclude>
    <ClInclude Include="Skills\ActiveSkill.h">
      <Filter>헤더 파일\Skills</Filter>
    </ClInclude>
    <ClInclude Include="Skills\PassiveSkill.h">
      <Filter>헤더 파일\Skills</Filter>
    </ClInclude>
    <ClInclude Include="Skills\WindStep.h">
      <Filter>헤더 파일\Skills</Filter>
    </ClInclude>
    <ClInclude Include="Skills\CelestialArrowStep.h">
      <Filter>헤더 파일\Skills</Filter>
    </ClInclude>
    <ClInclude Include="Skills\HermesStep.h">
      <Filter>헤더 파일\Skills</Filter>
    </ClInclude>
    <ClInclude Include="Skills\WindShield.h">
      <Filter>헤더 파일\Skills</Filter>
    </ClInclude>
    <ClInclude Include="Player.h">
      <Filter>헤더 파일</Filter>
    </ClInclude>
    <ClInclude Include="..\Shared\Values\player_values.h">
      <Filter>헤더 파일\Values</Filter>
    </ClInclude>
    <ClInclude Include="..\Shared\Values\interface.h">
      <Filter>헤더 파일\Values</Filter>
    </ClInclude>
    <ClInclude Include="..\Shared\Direction.h">
      <Filter>헤더 파일</Filter>
    </ClInclude>
  </ItemGroup>
</Project>